
Microsoft Visual Studio Solution File, Format Version 10.00
# Visual Studio 2008
Project("{FAE04EC0-301F-11D3-BF4B-00C04F79EFBC}") = "RefBox", "RefBox.csproj", "{430EB17E-A965-4771-9E4B-B2804BB9AC75}"
EndProject
Global
	GlobalSection(SolutionConfigurationPlatforms) = preSolution
		Debug|x86 = Debug|x86
		Release|x86 = Release|x86
	EndGlobalSection
	GlobalSection(ProjectConfigurationPlatforms) = postSolution
		{430EB17E-A965-4771-9E4B-B2804BB9AC75}.Debug|x86.ActiveCfg = Debug|x86
		{430EB17E-A965-4771-9E4B-B2804BB9AC75}.Debug|x86.Build.0 = Debug|x86
		{430EB17E-A965-4771-9E4B-B2804BB9AC75}.Release|x86.ActiveCfg = Release|x86
		{430EB17E-A965-4771-9E4B-B2804BB9AC75}.Release|x86.Build.0 = Release|x86
	EndGlobalSection
	GlobalSection(SolutionProperties) = preSolution
		HideSolutionNode = FALSE
	EndGlobalSection
EndGlobal
